
Microsoft Visual Studio Solution File, Format Version 12.00
# Visual Studio Version 17
VisualStudioVersion = 17.8.34330.188
MinimumVisualStudioVersion = 10.0.40219.1
Project("{FAE04EC0-301F-11D3-BF4B-00C04F79EFBC}") = "Prodapt.WebTech.Day1", "Prodapt.WebTech.Day1\Prodapt.WebTech.Day1.csproj", "{A99A5919-22C1-4BBA-8931-116DD06E78D6}"
EndProject
Global
	GlobalSection(SolutionConfigurationPlatforms) = preSolution
		Debug|Any CPU = Debug|Any CPU
		Release|Any CPU = Release|Any CPU
	EndGlobalSection
	GlobalSection(ProjectConfigurationPlatforms) = postSolution
		{A99A5919-22C1-4BBA-8931-116DD06E78D6}.Debug|Any CPU.ActiveCfg = Debug|Any CPU
		{A99A5919-22C1-4BBA-8931-116DD06E78D6}.Debug|Any CPU.Build.0 = Debug|Any CPU
		{A99A5919-22C1-4BBA-8931-116DD06E78D6}.Release|Any CPU.ActiveCfg = Release|Any CPU
		{A99A5919-22C1-4BBA-8931-116DD06E78D6}.Release|Any CPU.Build.0 = Release|Any CPU
	EndGlobalSection
	GlobalSection(SolutionProperties) = preSolution
		HideSolutionNode = FALSE
	EndGlobalSection
	GlobalSection(ExtensibilityGlobals) = postSolution
		SolutionGuid = {CC225BB7-A681-4096-B22D-B57CA7A3F3B4}
	EndGlobalSection
EndGlobal
